// !$*UTF8*$!
{
	archiveVersion = 1;
	classes = {
	};
	objectVersion = 56;
	objects = {

/* Begin PBXBuildFile section */
		8735ABD829B4300300849676 /* GoogleService-Info.plist in Resources */ = {isa = PBXBuildFile; fileRef = 8735ABD729B4300300849676 /* GoogleService-Info.plist */; };
		876C910C29B4265D00774DEF /* NetworkLayer.framework in Frameworks */ = {isa = PBXBuildFile; fileRef = 876C910B29B4265D00774DEF /* NetworkLayer.framework */; };
		876C910D29B4265D00774DEF /* NetworkLayer.framework in Embed Frameworks */ = {isa = PBXBuildFile; fileRef = 876C910B29B4265D00774DEF /* NetworkLayer.framework */; settings = {ATTRIBUTES = (CodeSignOnCopy, RemoveHeadersOnCopy, ); }; };
		879FEFFA29B2CD2C00AA8BAD /* AppDelegate.swift in Sources */ = {isa = PBXBuildFile; fileRef = 879FEFF929B2CD2C00AA8BAD /* AppDelegate.swift */; };
		879FEFFC29B2CD2C00AA8BAD /* SceneDelegate.swift in Sources */ = {isa = PBXBuildFile; fileRef = 879FEFFB29B2CD2C00AA8BAD /* SceneDelegate.swift */; };
		879FF00329B2CD2D00AA8BAD /* Assets.xcassets in Resources */ = {isa = PBXBuildFile; fileRef = 879FF00229B2CD2D00AA8BAD /* Assets.xcassets */; };
		879FF01129B2CD2D00AA8BAD /* CleanChatTests.swift in Sources */ = {isa = PBXBuildFile; fileRef = 879FF01029B2CD2D00AA8BAD /* CleanChatTests.swift */; };
		879FF01B29B2CD2D00AA8BAD /* CleanChatUITests.swift in Sources */ = {isa = PBXBuildFile; fileRef = 879FF01A29B2CD2D00AA8BAD /* CleanChatUITests.swift */; };
		879FF01D29B2CD2D00AA8BAD /* CleanChatUITestsLaunchTests.swift in Sources */ = {isa = PBXBuildFile; fileRef = 879FF01C29B2CD2D00AA8BAD /* CleanChatUITestsLaunchTests.swift */; };
		87A2BEA529B44FB9009620E7 /* InitialViewPresenter.swift in Sources */ = {isa = PBXBuildFile; fileRef = 87A2BE9F29B44FB9009620E7 /* InitialViewPresenter.swift */; };
		87A2BEA629B44FB9009620E7 /* InitialViewRouter.swift in Sources */ = {isa = PBXBuildFile; fileRef = 87A2BEA029B44FB9009620E7 /* InitialViewRouter.swift */; };
		87A2BEA729B44FB9009620E7 /* InitialViewViewController.swift in Sources */ = {isa = PBXBuildFile; fileRef = 87A2BEA129B44FB9009620E7 /* InitialViewViewController.swift */; };
		87A2BEA829B44FB9009620E7 /* InitialViewProtocols.swift in Sources */ = {isa = PBXBuildFile; fileRef = 87A2BEA229B44FB9009620E7 /* InitialViewProtocols.swift */; };
		87A2BEA929B44FB9009620E7 /* InitialViewInteractor.swift in Sources */ = {isa = PBXBuildFile; fileRef = 87A2BEA329B44FB9009620E7 /* InitialViewInteractor.swift */; };
		87A2BEAA29B44FB9009620E7 /* InitialViewViewController.xib in Resources */ = {isa = PBXBuildFile; fileRef = 87A2BEA429B44FB9009620E7 /* InitialViewViewController.xib */; };
		87A2BEB929B471D9009620E7 /* LoginPresenter.swift in Sources */ = {isa = PBXBuildFile; fileRef = 87A2BEB329B471D9009620E7 /* LoginPresenter.swift */; };
		87A2BEBA29B471D9009620E7 /* LoginRouter.swift in Sources */ = {isa = PBXBuildFile; fileRef = 87A2BEB429B471D9009620E7 /* LoginRouter.swift */; };
		87A2BEBB29B471D9009620E7 /* LoginViewController.swift in Sources */ = {isa = PBXBuildFile; fileRef = 87A2BEB529B471D9009620E7 /* LoginViewController.swift */; };
		87A2BEBC29B471D9009620E7 /* LoginProtocols.swift in Sources */ = {isa = PBXBuildFile; fileRef = 87A2BEB629B471D9009620E7 /* LoginProtocols.swift */; };
		87A2BEBD29B471D9009620E7 /* LoginInteractor.swift in Sources */ = {isa = PBXBuildFile; fileRef = 87A2BEB729B471D9009620E7 /* LoginInteractor.swift */; };
		87A2BEBE29B471D9009620E7 /* LoginViewController.xib in Resources */ = {isa = PBXBuildFile; fileRef = 87A2BEB829B471D9009620E7 /* LoginViewController.xib */; };
		87A2BEC529B4729F009620E7 /* SignUpPresenter.swift in Sources */ = {isa = PBXBuildFile; fileRef = 87A2BEBF29B4729F009620E7 /* SignUpPresenter.swift */; };
		87A2BEC629B4729F009620E7 /* SignUpRouter.swift in Sources */ = {isa = PBXBuildFile; fileRef = 87A2BEC029B4729F009620E7 /* SignUpRouter.swift */; };
		87A2BEC729B4729F009620E7 /* SignUpViewController.swift in Sources */ = {isa = PBXBuildFile; fileRef = 87A2BEC129B4729F009620E7 /* SignUpViewController.swift */; };
		87A2BEC829B4729F009620E7 /* SignUpProtocols.swift in Sources */ = {isa = PBXBuildFile; fileRef = 87A2BEC229B4729F009620E7 /* SignUpProtocols.swift */; };
		87A2BEC929B4729F009620E7 /* SignUpInteractor.swift in Sources */ = {isa = PBXBuildFile; fileRef = 87A2BEC329B4729F009620E7 /* SignUpInteractor.swift */; };
		87A2BECA29B4729F009620E7 /* SignUpViewController.xib in Resources */ = {isa = PBXBuildFile; fileRef = 87A2BEC429B4729F009620E7 /* SignUpViewController.xib */; };
		87A2BED129B47345009620E7 /* ChatsDahsboardPresenter.swift in Sources */ = {isa = PBXBuildFile; fileRef = 87A2BECB29B47345009620E7 /* ChatsDahsboardPresenter.swift */; };
		87A2BED229B47345009620E7 /* ChatsDahsboardRouter.swift in Sources */ = {isa = PBXBuildFile; fileRef = 87A2BECC29B47345009620E7 /* ChatsDahsboardRouter.swift */; };
		87A2BED329B47345009620E7 /* ChatsDahsboardViewController.swift in Sources */ = {isa = PBXBuildFile; fileRef = 87A2BECD29B47345009620E7 /* ChatsDahsboardViewController.swift */; };
		87A2BED429B47345009620E7 /* ChatsDahsboardProtocols.swift in Sources */ = {isa = PBXBuildFile; fileRef = 87A2BECE29B47345009620E7 /* ChatsDahsboardProtocols.swift */; };
		87A2BED529B47345009620E7 /* ChatsDahsboardInteractor.swift in Sources */ = {isa = PBXBuildFile; fileRef = 87A2BECF29B47345009620E7 /* ChatsDahsboardInteractor.swift */; };
		87A2BED629B47345009620E7 /* ChatsDahsboardViewController.xib in Resources */ = {isa = PBXBuildFile; fileRef = 87A2BED029B47345009620E7 /* ChatsDahsboardViewController.xib */; };
		87A2BEDD29B47368009620E7 /* ChatDetailPresenter.swift in Sources */ = {isa = PBXBuildFile; fileRef = 87A2BED729B47368009620E7 /* ChatDetailPresenter.swift */; };
		87A2BEDE29B47368009620E7 /* ChatDetailRouter.swift in Sources */ = {isa = PBXBuildFile; fileRef = 87A2BED829B47368009620E7 /* ChatDetailRouter.swift */; };
		87A2BEDF29B47368009620E7 /* ChatDetailViewController.swift in Sources */ = {isa = PBXBuildFile; fileRef = 87A2BED929B47368009620E7 /* ChatDetailViewController.swift */; };
		87A2BEE029B47368009620E7 /* ChatDetailProtocols.swift in Sources */ = {isa = PBXBuildFile; fileRef = 87A2BEDA29B47368009620E7 /* ChatDetailProtocols.swift */; };
		87A2BEE129B47368009620E7 /* ChatDetailInteractor.swift in Sources */ = {isa = PBXBuildFile; fileRef = 87A2BEDB29B47368009620E7 /* ChatDetailInteractor.swift */; };
		87A2BEE229B47368009620E7 /* ChatDetailViewController.xib in Resources */ = {isa = PBXBuildFile; fileRef = 87A2BEDC29B47368009620E7 /* ChatDetailViewController.xib */; };
		87A2BEE929B473C2009620E7 /* ProfileInfoPresenter.swift in Sources */ = {isa = PBXBuildFile; fileRef = 87A2BEE329B473C2009620E7 /* ProfileInfoPresenter.swift */; };
		87A2BEEA29B473C2009620E7 /* ProfileInfoRouter.swift in Sources */ = {isa = PBXBuildFile; fileRef = 87A2BEE429B473C2009620E7 /* ProfileInfoRouter.swift */; };
		87A2BEEB29B473C2009620E7 /* ProfileInfoViewController.swift in Sources */ = {isa = PBXBuildFile; fileRef = 87A2BEE529B473C2009620E7 /* ProfileInfoViewController.swift */; };
		87A2BEEC29B473C2009620E7 /* ProfileInfoProtocols.swift in Sources */ = {isa = PBXBuildFile; fileRef = 87A2BEE629B473C2009620E7 /* ProfileInfoProtocols.swift */; };
		87A2BEED29B473C2009620E7 /* ProfileInfoInteractor.swift in Sources */ = {isa = PBXBuildFile; fileRef = 87A2BEE729B473C2009620E7 /* ProfileInfoInteractor.swift */; };
		87A2BEEE29B473C2009620E7 /* ProfileInfoViewController.xib in Resources */ = {isa = PBXBuildFile; fileRef = 87A2BEE829B473C2009620E7 /* ProfileInfoViewController.xib */; };
		87A2BEF529B473D6009620E7 /* HomePresenter.swift in Sources */ = {isa = PBXBuildFile; fileRef = 87A2BEEF29B473D6009620E7 /* HomePresenter.swift */; };
		87A2BEF629B473D6009620E7 /* HomeRouter.swift in Sources */ = {isa = PBXBuildFile; fileRef = 87A2BEF029B473D6009620E7 /* HomeRouter.swift */; };
		87A2BEF729B473D6009620E7 /* HomeViewController.swift in Sources */ = {isa = PBXBuildFile; fileRef = 87A2BEF129B473D6009620E7 /* HomeViewController.swift */; };
		87A2BEF829B473D6009620E7 /* HomeProtocols.swift in Sources */ = {isa = PBXBuildFile; fileRef = 87A2BEF229B473D6009620E7 /* HomeProtocols.swift */; };
		87A2BEF929B473D6009620E7 /* HomeInteractor.swift in Sources */ = {isa = PBXBuildFile; fileRef = 87A2BEF329B473D6009620E7 /* HomeInteractor.swift */; };
		87A2BEFA29B473D6009620E7 /* HomeViewController.xib in Resources */ = {isa = PBXBuildFile; fileRef = 87A2BEF429B473D6009620E7 /* HomeViewController.xib */; };
		96A04F1B9CF87944D316C02F /* Pods_CleanChat.framework in Frameworks */ = {isa = PBXBuildFile; fileRef = 625612B0078A2BB767BA5592 /* Pods_CleanChat.framework */; };
		A103315CF4A52797139A16E8 /* Pods_CleanChatTests.framework in Frameworks */ = {isa = PBXBuildFile; fileRef = 024E65C4187099E5044111DE /* Pods_CleanChatTests.framework */; };
		D4C0DFE5349D894D832B5821 /* Pods_CleanChat_CleanChatUITests.framework in Frameworks */ = {isa = PBXBuildFile; fileRef = D383452E52952BD943D5E104 /* Pods_CleanChat_CleanChatUITests.framework */; };
/* End PBXBuildFile section */

/* Begin PBXContainerItemProxy section */
		879FF00D29B2CD2D00AA8BAD /* PBXContainerItemProxy */ = {
			isa = PBXContainerItemProxy;
			containerPortal = 879FEFEE29B2CD2C00AA8BAD /* Project object */;
			proxyType = 1;
			remoteGlobalIDString = 879FEFF529B2CD2C00AA8BAD;
			remoteInfo = CleanChat;
		};
		879FF01729B2CD2D00AA8BAD /* PBXContainerItemProxy */ = {
			isa = PBXContainerItemProxy;
			containerPortal = 879FEFEE29B2CD2C00AA8BAD /* Project object */;
			proxyType = 1;
			remoteGlobalIDString = 879FEFF529B2CD2C00AA8BAD;
			remoteInfo = CleanChat;
		};
/* End PBXContainerItemProxy section */

/* Begin PBXCopyFilesBuildPhase section */
		876C910E29B4265D00774DEF /* Embed Frameworks */ = {
			isa = PBXCopyFilesBuildPhase;
			buildActionMask = 2147483647;
			dstPath = "";
			dstSubfolderSpec = 10;
			files = (
				876C910D29B4265D00774DEF /* NetworkLayer.framework in Embed Frameworks */,
			);
			name = "Embed Frameworks";
			runOnlyForDeploymentPostprocessing = 0;
		};
/* End PBXCopyFilesBuildPhase section */

/* Begin PBXFileReference section */
		024E65C4187099E5044111DE /* Pods_CleanChatTests.framework */ = {isa = PBXFileReference; explicitFileType = wrapper.framework; includeInIndex = 0; path = Pods_CleanChatTests.framework; sourceTree = BUILT_PRODUCTS_DIR; };
		48610D3DC4C3119975BD7BDB /* Pods-CleanChatTests.debug.xcconfig */ = {isa = PBXFileReference; includeInIndex = 1; lastKnownFileType = text.xcconfig; name = "Pods-CleanChatTests.debug.xcconfig"; path = "Target Support Files/Pods-CleanChatTests/Pods-CleanChatTests.debug.xcconfig"; sourceTree = "<group>"; };
		4F35135A91707E576BAFFC81 /* Pods-CleanChatTests.release.xcconfig */ = {isa = PBXFileReference; includeInIndex = 1; lastKnownFileType = text.xcconfig; name = "Pods-CleanChatTests.release.xcconfig"; path = "Target Support Files/Pods-CleanChatTests/Pods-CleanChatTests.release.xcconfig"; sourceTree = "<group>"; };
		55EA146D3163C59EF0EF5FF0 /* Pods-CleanChat.debug.xcconfig */ = {isa = PBXFileReference; includeInIndex = 1; lastKnownFileType = text.xcconfig; name = "Pods-CleanChat.debug.xcconfig"; path = "Target Support Files/Pods-CleanChat/Pods-CleanChat.debug.xcconfig"; sourceTree = "<group>"; };
		625612B0078A2BB767BA5592 /* Pods_CleanChat.framework */ = {isa = PBXFileReference; explicitFileType = wrapper.framework; includeInIndex = 0; path = Pods_CleanChat.framework; sourceTree = BUILT_PRODUCTS_DIR; };
		6C771080F45F717DAD08037C /* Pods-CleanChat-CleanChatUITests.debug.xcconfig */ = {isa = PBXFileReference; includeInIndex = 1; lastKnownFileType = text.xcconfig; name = "Pods-CleanChat-CleanChatUITests.debug.xcconfig"; path = "Target Support Files/Pods-CleanChat-CleanChatUITests/Pods-CleanChat-CleanChatUITests.debug.xcconfig"; sourceTree = "<group>"; };
		8735ABD729B4300300849676 /* GoogleService-Info.plist */ = {isa = PBXFileReference; fileEncoding = 4; lastKnownFileType = text.plist.xml; path = "GoogleService-Info.plist"; sourceTree = "<group>"; };
		876C910B29B4265D00774DEF /* NetworkLayer.framework */ = {isa = PBXFileReference; explicitFileType = wrapper.framework; path = NetworkLayer.framework; sourceTree = BUILT_PRODUCTS_DIR; };
		879FEFF629B2CD2C00AA8BAD /* CleanChat.app */ = {isa = PBXFileReference; explicitFileType = wrapper.application; includeInIndex = 0; path = CleanChat.app; sourceTree = BUILT_PRODUCTS_DIR; };
		879FEFF929B2CD2C00AA8BAD /* AppDelegate.swift */ = {isa = PBXFileReference; lastKnownFileType = sourcecode.swift; path = AppDelegate.swift; sourceTree = "<group>"; };
		879FEFFB29B2CD2C00AA8BAD /* SceneDelegate.swift */ = {isa = PBXFileReference; lastKnownFileType = sourcecode.swift; path = SceneDelegate.swift; sourceTree = "<group>"; };
		879FF00229B2CD2D00AA8BAD /* Assets.xcassets */ = {isa = PBXFileReference; lastKnownFileType = folder.assetcatalog; path = Assets.xcassets; sourceTree = "<group>"; };
		879FF00729B2CD2D00AA8BAD /* Info.plist */ = {isa = PBXFileReference; lastKnownFileType = text.plist.xml; path = Info.plist; sourceTree = "<group>"; };
		879FF00C29B2CD2D00AA8BAD /* CleanChatTests.xctest */ = {isa = PBXFileReference; explicitFileType = wrapper.cfbundle; includeInIndex = 0; path = CleanChatTests.xctest; sourceTree = BUILT_PRODUCTS_DIR; };
		879FF01029B2CD2D00AA8BAD /* CleanChatTests.swift */ = {isa = PBXFileReference; lastKnownFileType = sourcecode.swift; path = CleanChatTests.swift; sourceTree = "<group>"; };
		879FF01629B2CD2D00AA8BAD /* CleanChatUITests.xctest */ = {isa = PBXFileReference; explicitFileType = wrapper.cfbundle; includeInIndex = 0; path = CleanChatUITests.xctest; sourceTree = BUILT_PRODUCTS_DIR; };
		879FF01A29B2CD2D00AA8BAD /* CleanChatUITests.swift */ = {isa = PBXFileReference; lastKnownFileType = sourcecode.swift; path = CleanChatUITests.swift; sourceTree = "<group>"; };
		879FF01C29B2CD2D00AA8BAD /* CleanChatUITestsLaunchTests.swift */ = {isa = PBXFileReference; lastKnownFileType = sourcecode.swift; path = CleanChatUITestsLaunchTests.swift; sourceTree = "<group>"; };
		87A2BE9F29B44FB9009620E7 /* InitialViewPresenter.swift */ = {isa = PBXFileReference; lastKnownFileType = sourcecode.swift; path = InitialViewPresenter.swift; sourceTree = "<group>"; };
		87A2BEA029B44FB9009620E7 /* InitialViewRouter.swift */ = {isa = PBXFileReference; lastKnownFileType = sourcecode.swift; path = InitialViewRouter.swift; sourceTree = "<group>"; };
		87A2BEA129B44FB9009620E7 /* InitialViewViewController.swift */ = {isa = PBXFileReference; lastKnownFileType = sourcecode.swift; path = InitialViewViewController.swift; sourceTree = "<group>"; };
		87A2BEA229B44FB9009620E7 /* InitialViewProtocols.swift */ = {isa = PBXFileReference; lastKnownFileType = sourcecode.swift; path = InitialViewProtocols.swift; sourceTree = "<group>"; };
		87A2BEA329B44FB9009620E7 /* InitialViewInteractor.swift */ = {isa = PBXFileReference; lastKnownFileType = sourcecode.swift; path = InitialViewInteractor.swift; sourceTree = "<group>"; };
		87A2BEA429B44FB9009620E7 /* InitialViewViewController.xib */ = {isa = PBXFileReference; lastKnownFileType = file.xib; path = InitialViewViewController.xib; sourceTree = "<group>"; };
		87A2BEB329B471D9009620E7 /* LoginPresenter.swift */ = {isa = PBXFileReference; lastKnownFileType = sourcecode.swift; path = LoginPresenter.swift; sourceTree = "<group>"; };
		87A2BEB429B471D9009620E7 /* LoginRouter.swift */ = {isa = PBXFileReference; lastKnownFileType = sourcecode.swift; path = LoginRouter.swift; sourceTree = "<group>"; };
		87A2BEB529B471D9009620E7 /* LoginViewController.swift */ = {isa = PBXFileReference; lastKnownFileType = sourcecode.swift; path = LoginViewController.swift; sourceTree = "<group>"; };
		87A2BEB629B471D9009620E7 /* LoginProtocols.swift */ = {isa = PBXFileReference; lastKnownFileType = sourcecode.swift; path = LoginProtocols.swift; sourceTree = "<group>"; };
		87A2BEB729B471D9009620E7 /* LoginInteractor.swift */ = {isa = PBXFileReference; lastKnownFileType = sourcecode.swift; path = LoginInteractor.swift; sourceTree = "<group>"; };
		87A2BEB829B471D9009620E7 /* LoginViewController.xib */ = {isa = PBXFileReference; lastKnownFileType = file.xib; path = LoginViewController.xib; sourceTree = "<group>"; };
		87A2BEBF29B4729F009620E7 /* SignUpPresenter.swift */ = {isa = PBXFileReference; lastKnownFileType = sourcecode.swift; path = SignUpPresenter.swift; sourceTree = "<group>"; };
		87A2BEC029B4729F009620E7 /* SignUpRouter.swift */ = {isa = PBXFileReference; lastKnownFileType = sourcecode.swift; path = SignUpRouter.swift; sourceTree = "<group>"; };
		87A2BEC129B4729F009620E7 /* SignUpViewController.swift */ = {isa = PBXFileReference; lastKnownFileType = sourcecode.swift; path = SignUpViewController.swift; sourceTree = "<group>"; };
		87A2BEC229B4729F009620E7 /* SignUpProtocols.swift */ = {isa = PBXFileReference; lastKnownFileType = sourcecode.swift; path = SignUpProtocols.swift; sourceTree = "<group>"; };
		87A2BEC329B4729F009620E7 /* SignUpInteractor.swift */ = {isa = PBXFileReference; lastKnownFileType = sourcecode.swift; path = SignUpInteractor.swift; sourceTree = "<group>"; };
		87A2BEC429B4729F009620E7 /* SignUpViewController.xib */ = {isa = PBXFileReference; lastKnownFileType = file.xib; path = SignUpViewController.xib; sourceTree = "<group>"; };
		87A2BECB29B47345009620E7 /* ChatsDahsboardPresenter.swift */ = {isa = PBXFileReference; lastKnownFileType = sourcecode.swift; path = ChatsDahsboardPresenter.swift; sourceTree = "<group>"; };
		87A2BECC29B47345009620E7 /* ChatsDahsboardRouter.swift */ = {isa = PBXFileReference; lastKnownFileType = sourcecode.swift; path = ChatsDahsboardRouter.swift; sourceTree = "<group>"; };
		87A2BECD29B47345009620E7 /* ChatsDahsboardViewController.swift */ = {isa = PBXFileReference; lastKnownFileType = sourcecode.swift; path = ChatsDahsboardViewController.swift; sourceTree = "<group>"; };
		87A2BECE29B47345009620E7 /* ChatsDahsboardProtocols.swift */ = {isa = PBXFileReference; lastKnownFileType = sourcecode.swift; path = ChatsDahsboardProtocols.swift; sourceTree = "<group>"; };
		87A2BECF29B47345009620E7 /* ChatsDahsboardInteractor.swift */ = {isa = PBXFileReference; lastKnownFileType = sourcecode.swift; path = ChatsDahsboardInteractor.swift; sourceTree = "<group>"; };
		87A2BED029B47345009620E7 /* ChatsDahsboardViewController.xib */ = {isa = PBXFileReference; lastKnownFileType = file.xib; path = ChatsDahsboardViewController.xib; sourceTree = "<group>"; };
		87A2BED729B47368009620E7 /* ChatDetailPresenter.swift */ = {isa = PBXFileReference; lastKnownFileType = sourcecode.swift; path = ChatDetailPresenter.swift; sourceTree = "<group>"; };
		87A2BED829B47368009620E7 /* ChatDetailRouter.swift */ = {isa = PBXFileReference; lastKnownFileType = sourcecode.swift; path = ChatDetailRouter.swift; sourceTree = "<group>"; };
		87A2BED929B47368009620E7 /* ChatDetailViewController.swift */ = {isa = PBXFileReference; lastKnownFileType = sourcecode.swift; path = ChatDetailViewController.swift; sourceTree = "<group>"; };
		87A2BEDA29B47368009620E7 /* ChatDetailProtocols.swift */ = {isa = PBXFileReference; lastKnownFileType = sourcecode.swift; path = ChatDetailProtocols.swift; sourceTree = "<group>"; };
		87A2BEDB29B47368009620E7 /* ChatDetailInteractor.swift */ = {isa = PBXFileReference; lastKnownFileType = sourcecode.swift; path = ChatDetailInteractor.swift; sourceTree = "<group>"; };
		87A2BEDC29B47368009620E7 /* ChatDetailViewController.xib */ = {isa = PBXFileReference; lastKnownFileType = file.xib; path = ChatDetailViewController.xib; sourceTree = "<group>"; };
		87A2BEE329B473C2009620E7 /* ProfileInfoPresenter.swift */ = {isa = PBXFileReference; lastKnownFileType = sourcecode.swift; path = ProfileInfoPresenter.swift; sourceTree = "<group>"; };
		87A2BEE429B473C2009620E7 /* ProfileInfoRouter.swift */ = {isa = PBXFileReference; lastKnownFileType = sourcecode.swift; path = ProfileInfoRouter.swift; sourceTree = "<group>"; };
		87A2BEE529B473C2009620E7 /* ProfileInfoViewController.swift */ = {isa = PBXFileReference; lastKnownFileType = sourcecode.swift; path = ProfileInfoViewController.swift; sourceTree = "<group>"; };
		87A2BEE629B473C2009620E7 /* ProfileInfoProtocols.swift */ = {isa = PBXFileReference; lastKnownFileType = sourcecode.swift; path = ProfileInfoProtocols.swift; sourceTree = "<group>"; };
		87A2BEE729B473C2009620E7 /* ProfileInfoInteractor.swift */ = {isa = PBXFileReference; lastKnownFileType = sourcecode.swift; path = ProfileInfoInteractor.swift; sourceTree = "<group>"; };
		87A2BEE829B473C2009620E7 /* ProfileInfoViewController.xib */ = {isa = PBXFileReference; lastKnownFileType = file.xib; path = ProfileInfoViewController.xib; sourceTree = "<group>"; };
		87A2BEEF29B473D6009620E7 /* HomePresenter.swift */ = {isa = PBXFileReference; lastKnownFileType = sourcecode.swift; path = HomePresenter.swift; sourceTree = "<group>"; };
		87A2BEF029B473D6009620E7 /* HomeRouter.swift */ = {isa = PBXFileReference; lastKnownFileType = sourcecode.swift; path = HomeRouter.swift; sourceTree = "<group>"; };
		87A2BEF129B473D6009620E7 /* HomeViewController.swift */ = {isa = PBXFileReference; lastKnownFileType = sourcecode.swift; path = HomeViewController.swift; sourceTree = "<group>"; };
		87A2BEF229B473D6009620E7 /* HomeProtocols.swift */ = {isa = PBXFileReference; lastKnownFileType = sourcecode.swift; path = HomeProtocols.swift; sourceTree = "<group>"; };
		87A2BEF329B473D6009620E7 /* HomeInteractor.swift */ = {isa = PBXFileReference; lastKnownFileType = sourcecode.swift; path = HomeInteractor.swift; sourceTree = "<group>"; };
		87A2BEF429B473D6009620E7 /* HomeViewController.xib */ = {isa = PBXFileReference; lastKnownFileType = file.xib; path = HomeViewController.xib; sourceTree = "<group>"; };
		AA8686C5E4497D6D2CC7F9A2 /* Pods-CleanChat.release.xcconfig */ = {isa = PBXFileReference; includeInIndex = 1; lastKnownFileType = text.xcconfig; name = "Pods-CleanChat.release.xcconfig"; path = "Target Support Files/Pods-CleanChat/Pods-CleanChat.release.xcconfig"; sourceTree = "<group>"; };
		C5C4928C5EC3C509389998C5 /* Pods-CleanChat-CleanChatUITests.release.xcconfig */ = {isa = PBXFileReference; includeInIndex = 1; lastKnownFileType = text.xcconfig; name = "Pods-CleanChat-CleanChatUITests.release.xcconfig"; path = "Target Support Files/Pods-CleanChat-CleanChatUITests/Pods-CleanChat-CleanChatUITests.release.xcconfig"; sourceTree = "<group>"; };
		D383452E52952BD943D5E104 /* Pods_CleanChat_CleanChatUITests.framework */ = {isa = PBXFileReference; explicitFileType = wrapper.framework; includeInIndex = 0; path = Pods_CleanChat_CleanChatUITests.framework; sourceTree = BUILT_PRODUCTS_DIR; };
/* End PBXFileReference section */

/* Begin PBXFrameworksBuildPhase section */
		879FEFF329B2CD2C00AA8BAD /* Frameworks */ = {
			isa = PBXFrameworksBuildPhase;
			buildActionMask = 2147483647;
			files = (
				96A04F1B9CF87944D316C02F /* Pods_CleanChat.framework in Frameworks */,
				876C910C29B4265D00774DEF /* NetworkLayer.framework in Frameworks */,
			);
			runOnlyForDeploymentPostprocessing = 0;
		};
		879FF00929B2CD2D00AA8BAD /* Frameworks */ = {
			isa = PBXFrameworksBuildPhase;
			buildActionMask = 2147483647;
			files = (
				A103315CF4A52797139A16E8 /* Pods_CleanChatTests.framework in Frameworks */,
			);
			runOnlyForDeploymentPostprocessing = 0;
		};
		879FF01329B2CD2D00AA8BAD /* Frameworks */ = {
			isa = PBXFrameworksBuildPhase;
			buildActionMask = 2147483647;
			files = (
				D4C0DFE5349D894D832B5821 /* Pods_CleanChat_CleanChatUITests.framework in Frameworks */,
			);
			runOnlyForDeploymentPostprocessing = 0;
		};
/* End PBXFrameworksBuildPhase section */

/* Begin PBXGroup section */
		40AB1F4885083F5F8CE3B8A0 /* Pods */ = {
			isa = PBXGroup;
			children = (
				55EA146D3163C59EF0EF5FF0 /* Pods-CleanChat.debug.xcconfig */,
				AA8686C5E4497D6D2CC7F9A2 /* Pods-CleanChat.release.xcconfig */,
				6C771080F45F717DAD08037C /* Pods-CleanChat-CleanChatUITests.debug.xcconfig */,
				C5C4928C5EC3C509389998C5 /* Pods-CleanChat-CleanChatUITests.release.xcconfig */,
				48610D3DC4C3119975BD7BDB /* Pods-CleanChatTests.debug.xcconfig */,
				4F35135A91707E576BAFFC81 /* Pods-CleanChatTests.release.xcconfig */,
			);
			path = Pods;
			sourceTree = "<group>";
		};
		879FEFED29B2CD2C00AA8BAD = {
			isa = PBXGroup;
			children = (
				879FEFF829B2CD2C00AA8BAD /* CleanChat */,
				879FF00F29B2CD2D00AA8BAD /* CleanChatTests */,
				879FF01929B2CD2D00AA8BAD /* CleanChatUITests */,
				879FEFF729B2CD2C00AA8BAD /* Products */,
				40AB1F4885083F5F8CE3B8A0 /* Pods */,
				C9664C060A8E7B781582F120 /* Frameworks */,
			);
			sourceTree = "<group>";
		};
		879FEFF729B2CD2C00AA8BAD /* Products */ = {
			isa = PBXGroup;
			children = (
				879FEFF629B2CD2C00AA8BAD /* CleanChat.app */,
				879FF00C29B2CD2D00AA8BAD /* CleanChatTests.xctest */,
				879FF01629B2CD2D00AA8BAD /* CleanChatUITests.xctest */,
			);
			name = Products;
			sourceTree = "<group>";
		};
		879FEFF829B2CD2C00AA8BAD /* CleanChat */ = {
			isa = PBXGroup;
			children = (
				87A2BEB229B470FD009620E7 /* Home */,
				87A2BEB129B46B91009620E7 /* ProfileInfo */,
				87A2BEB029B46B86009620E7 /* ChatDetail */,
				87A2BEAF29B46B51009620E7 /* ChatsDashboard */,
				87A2BEAE29B46B3B009620E7 /* SignUp */,
				87A2BEAB29B44FCB009620E7 /* IInitialView */,
				87A2BEAD29B46B2C009620E7 /* Login */,
				879FEFF929B2CD2C00AA8BAD /* AppDelegate.swift */,
				879FEFFB29B2CD2C00AA8BAD /* SceneDelegate.swift */,
				879FF00229B2CD2D00AA8BAD /* Assets.xcassets */,
				8735ABD729B4300300849676 /* GoogleService-Info.plist */,
				879FF00729B2CD2D00AA8BAD /* Info.plist */,
			);
			path = CleanChat;
			sourceTree = "<group>";
		};
		879FF00F29B2CD2D00AA8BAD /* CleanChatTests */ = {
			isa = PBXGroup;
			children = (
				879FF01029B2CD2D00AA8BAD /* CleanChatTests.swift */,
			);
			path = CleanChatTests;
			sourceTree = "<group>";
		};
		879FF01929B2CD2D00AA8BAD /* CleanChatUITests */ = {
			isa = PBXGroup;
			children = (
				879FF01A29B2CD2D00AA8BAD /* CleanChatUITests.swift */,
				879FF01C29B2CD2D00AA8BAD /* CleanChatUITestsLaunchTests.swift */,
			);
			path = CleanChatUITests;
			sourceTree = "<group>";
		};
		87A2BEAB29B44FCB009620E7 /* IInitialView */ = {
			isa = PBXGroup;
			children = (
				87A2BE9F29B44FB9009620E7 /* InitialViewPresenter.swift */,
				87A2BEA029B44FB9009620E7 /* InitialViewRouter.swift */,
				87A2BEA229B44FB9009620E7 /* InitialViewProtocols.swift */,
				87A2BEA329B44FB9009620E7 /* InitialViewInteractor.swift */,
				87A2BEA129B44FB9009620E7 /* InitialViewViewController.swift */,
				87A2BEA429B44FB9009620E7 /* InitialViewViewController.xib */,
			);
			path = IInitialView;
			sourceTree = "<group>";
		};
		87A2BEAD29B46B2C009620E7 /* Login */ = {
			isa = PBXGroup;
			children = (
				87A2BEB329B471D9009620E7 /* LoginPresenter.swift */,
				87A2BEB429B471D9009620E7 /* LoginRouter.swift */,
				87A2BEB529B471D9009620E7 /* LoginViewController.swift */,
				87A2BEB629B471D9009620E7 /* LoginProtocols.swift */,
				87A2BEB729B471D9009620E7 /* LoginInteractor.swift */,
				87A2BEB829B471D9009620E7 /* LoginViewController.xib */,
			);
			path = Login;
			sourceTree = "<group>";
		};
		87A2BEAE29B46B3B009620E7 /* SignUp */ = {
			isa = PBXGroup;
			children = (
				87A2BEBF29B4729F009620E7 /* SignUpPresenter.swift */,
				87A2BEC029B4729F009620E7 /* SignUpRouter.swift */,
				87A2BEC129B4729F009620E7 /* SignUpViewController.swift */,
				87A2BEC229B4729F009620E7 /* SignUpProtocols.swift */,
				87A2BEC329B4729F009620E7 /* SignUpInteractor.swift */,
				87A2BEC429B4729F009620E7 /* SignUpViewController.xib */,
			);
			path = SignUp;
			sourceTree = "<group>";
		};
		87A2BEAF29B46B51009620E7 /* ChatsDashboard */ = {
			isa = PBXGroup;
			children = (
				87A2BECB29B47345009620E7 /* ChatsDahsboardPresenter.swift */,
				87A2BECC29B47345009620E7 /* ChatsDahsboardRouter.swift */,
				87A2BECD29B47345009620E7 /* ChatsDahsboardViewController.swift */,
				87A2BECE29B47345009620E7 /* ChatsDahsboardProtocols.swift */,
				87A2BECF29B47345009620E7 /* ChatsDahsboardInteractor.swift */,
				87A2BED029B47345009620E7 /* ChatsDahsboardViewController.xib */,
			);
			path = ChatsDashboard;
			sourceTree = "<group>";
		};
		87A2BEB029B46B86009620E7 /* ChatDetail */ = {
			isa = PBXGroup;
			children = (
				87A2BED729B47368009620E7 /* ChatDetailPresenter.swift */,
				87A2BED829B47368009620E7 /* ChatDetailRouter.swift */,
				87A2BED929B47368009620E7 /* ChatDetailViewController.swift */,
				87A2BEDA29B47368009620E7 /* ChatDetailProtocols.swift */,
				87A2BEDB29B47368009620E7 /* ChatDetailInteractor.swift */,
				87A2BEDC29B47368009620E7 /* ChatDetailViewController.xib */,
			);
			path = ChatDetail;
			sourceTree = "<group>";
		};
		87A2BEB129B46B91009620E7 /* ProfileInfo */ = {
			isa = PBXGroup;
			children = (
				87A2BEE329B473C2009620E7 /* ProfileInfoPresenter.swift */,
				87A2BEE429B473C2009620E7 /* ProfileInfoRouter.swift */,
				87A2BEE529B473C2009620E7 /* ProfileInfoViewController.swift */,
				87A2BEE629B473C2009620E7 /* ProfileInfoProtocols.swift */,
				87A2BEE729B473C2009620E7 /* ProfileInfoInteractor.swift */,
				87A2BEE829B473C2009620E7 /* ProfileInfoViewController.xib */,
			);
			path = ProfileInfo;
			sourceTree = "<group>";
		};
		87A2BEB229B470FD009620E7 /* Home */ = {
			isa = PBXGroup;
			children = (
				87A2BEEF29B473D6009620E7 /* HomePresenter.swift */,
				87A2BEF029B473D6009620E7 /* HomeRouter.swift */,
				87A2BEF129B473D6009620E7 /* HomeViewController.swift */,
				87A2BEF229B473D6009620E7 /* HomeProtocols.swift */,
				87A2BEF329B473D6009620E7 /* HomeInteractor.swift */,
				87A2BEF429B473D6009620E7 /* HomeViewController.xib */,
			);
			path = Home;
			sourceTree = "<group>";
		};
		C9664C060A8E7B781582F120 /* Frameworks */ = {
			isa = PBXGroup;
			children = (
				876C910B29B4265D00774DEF /* NetworkLayer.framework */,
				625612B0078A2BB767BA5592 /* Pods_CleanChat.framework */,
				D383452E52952BD943D5E104 /* Pods_CleanChat_CleanChatUITests.framework */,
				024E65C4187099E5044111DE /* Pods_CleanChatTests.framework */,
			);
			name = Frameworks;
			sourceTree = "<group>";
		};
/* End PBXGroup section */

/* Begin PBXNativeTarget section */
		879FEFF529B2CD2C00AA8BAD /* CleanChat */ = {
			isa = PBXNativeTarget;
			buildConfigurationList = 879FF02029B2CD2D00AA8BAD /* Build configuration list for PBXNativeTarget "CleanChat" */;
			buildPhases = (
				AC870F80E506FAF3328B22FF /* [CP] Check Pods Manifest.lock */,
				879FEFF229B2CD2C00AA8BAD /* Sources */,
				879FEFF329B2CD2C00AA8BAD /* Frameworks */,
				879FEFF429B2CD2C00AA8BAD /* Resources */,
				87D6F9F129B41E5E00F5710A /* ShellScript */,
				D2741E2726B490A471682485 /* [CP] Embed Pods Frameworks */,
				876C910E29B4265D00774DEF /* Embed Frameworks */,
			);
			buildRules = (
			);
			dependencies = (
			);
			name = CleanChat;
			productName = CleanChat;
			productReference = 879FEFF629B2CD2C00AA8BAD /* CleanChat.app */;
			productType = "com.apple.product-type.application";
		};
		879FF00B29B2CD2D00AA8BAD /* CleanChatTests */ = {
			isa = PBXNativeTarget;
			buildConfigurationList = 879FF02329B2CD2D00AA8BAD /* Build configuration list for PBXNativeTarget "CleanChatTests" */;
			buildPhases = (
				F85FD74D2DF0AF69C5981A42 /* [CP] Check Pods Manifest.lock */,
				879FF00829B2CD2D00AA8BAD /* Sources */,
				879FF00929B2CD2D00AA8BAD /* Frameworks */,
				879FF00A29B2CD2D00AA8BAD /* Resources */,
			);
			buildRules = (
			);
			dependencies = (
				879FF00E29B2CD2D00AA8BAD /* PBXTargetDependency */,
			);
			name = CleanChatTests;
			productName = CleanChatTests;
			productReference = 879FF00C29B2CD2D00AA8BAD /* CleanChatTests.xctest */;
			productType = "com.apple.product-type.bundle.unit-test";
		};
		879FF01529B2CD2D00AA8BAD /* CleanChatUITests */ = {
			isa = PBXNativeTarget;
			buildConfigurationList = 879FF02629B2CD2D00AA8BAD /* Build configuration list for PBXNativeTarget "CleanChatUITests" */;
			buildPhases = (
				05341D34BE5DD9E7EBBDA866 /* [CP] Check Pods Manifest.lock */,
				879FF01229B2CD2D00AA8BAD /* Sources */,
				879FF01329B2CD2D00AA8BAD /* Frameworks */,
				879FF01429B2CD2D00AA8BAD /* Resources */,
				B9FADA73708B4937F5DCED2D /* [CP] Embed Pods Frameworks */,
			);
			buildRules = (
			);
			dependencies = (
				879FF01829B2CD2D00AA8BAD /* PBXTargetDependency */,
			);
			name = CleanChatUITests;
			productName = CleanChatUITests;
			productReference = 879FF01629B2CD2D00AA8BAD /* CleanChatUITests.xctest */;
			productType = "com.apple.product-type.bundle.ui-testing";
		};
/* End PBXNativeTarget section */

/* Begin PBXProject section */
		879FEFEE29B2CD2C00AA8BAD /* Project object */ = {
			isa = PBXProject;
			attributes = {
				BuildIndependentTargetsInParallel = 1;
				LastSwiftUpdateCheck = 1420;
				LastUpgradeCheck = 1420;
				TargetAttributes = {
					879FEFF529B2CD2C00AA8BAD = {
						CreatedOnToolsVersion = 14.2;
					};
					879FF00B29B2CD2D00AA8BAD = {
						CreatedOnToolsVersion = 14.2;
						TestTargetID = 879FEFF529B2CD2C00AA8BAD;
					};
					879FF01529B2CD2D00AA8BAD = {
						CreatedOnToolsVersion = 14.2;
						TestTargetID = 879FEFF529B2CD2C00AA8BAD;
					};
				};
			};
			buildConfigurationList = 879FEFF129B2CD2C00AA8BAD /* Build configuration list for PBXProject "CleanChat" */;
			compatibilityVersion = "Xcode 14.0";
			developmentRegion = en;
			hasScannedForEncodings = 0;
			knownRegions = (
				en,
				Base,
			);
			mainGroup = 879FEFED29B2CD2C00AA8BAD;
			productRefGroup = 879FEFF729B2CD2C00AA8BAD /* Products */;
			projectDirPath = "";
			projectRoot = "";
			targets = (
				879FEFF529B2CD2C00AA8BAD /* CleanChat */,
				879FF00B29B2CD2D00AA8BAD /* CleanChatTests */,
				879FF01529B2CD2D00AA8BAD /* CleanChatUITests */,
			);
		};
/* End PBXProject section */

/* Begin PBXResourcesBuildPhase section */
		879FEFF429B2CD2C00AA8BAD /* Resources */ = {
			isa = PBXResourcesBuildPhase;
			buildActionMask = 2147483647;
			files = (
				87A2BECA29B4729F009620E7 /* SignUpViewController.xib in Resources */,
				87A2BEBE29B471D9009620E7 /* LoginViewController.xib in Resources */,
				87A2BEEE29B473C2009620E7 /* ProfileInfoViewController.xib in Resources */,
				87A2BEE229B47368009620E7 /* ChatDetailViewController.xib in Resources */,
				87A2BED629B47345009620E7 /* ChatsDahsboardViewController.xib in Resources */,
				87A2BEAA29B44FB9009620E7 /* InitialViewViewController.xib in Resources */,
				8735ABD829B4300300849676 /* GoogleService-Info.plist in Resources */,
				879FF00329B2CD2D00AA8BAD /* Assets.xcassets in Resources */,
				87A2BEFA29B473D6009620E7 /* HomeViewController.xib in Resources */,
			);
			runOnlyForDeploymentPostprocessing = 0;
		};
		879FF00A29B2CD2D00AA8BAD /* Resources */ = {
			isa = PBXResourcesBuildPhase;
			buildActionMask = 2147483647;
			files = (
			);
			runOnlyForDeploymentPostprocessing = 0;
		};
		879FF01429B2CD2D00AA8BAD /* Resources */ = {
			isa = PBXResourcesBuildPhase;
			buildActionMask = 2147483647;
			files = (
			);
			runOnlyForDeploymentPostprocessing = 0;
		};
/* End PBXResourcesBuildPhase section */

/* Begin PBXShellScriptBuildPhase section */
		05341D34BE5DD9E7EBBDA866 /* [CP] Check Pods Manifest.lock */ = {
			isa = PBXShellScriptBuildPhase;
			buildActionMask = 2147483647;
			files = (
			);
			inputFileListPaths = (
			);
			inputPaths = (
				"${PODS_PODFILE_DIR_PATH}/Podfile.lock",
				"${PODS_ROOT}/Manifest.lock",
			);
			name = "[CP] Check Pods Manifest.lock";
			outputFileListPaths = (
			);
			outputPaths = (
				"$(DERIVED_FILE_DIR)/Pods-CleanChat-CleanChatUITests-checkManifestLockResult.txt",
			);
			runOnlyForDeploymentPostprocessing = 0;
			shellPath = /bin/sh;
			shellScript = "diff \"${PODS_PODFILE_DIR_PATH}/Podfile.lock\" \"${PODS_ROOT}/Manifest.lock\" > /dev/null\nif [ $? != 0 ] ; then\n    # print error to STDERR\n    echo \"error: The sandbox is not in sync with the Podfile.lock. Run 'pod install' or update your CocoaPods installation.\" >&2\n    exit 1\nfi\n# This output is used by Xcode 'outputs' to avoid re-running this script phase.\necho \"SUCCESS\" > \"${SCRIPT_OUTPUT_FILE_0}\"\n";
			showEnvVarsInLog = 0;
		};
		87D6F9F129B41E5E00F5710A /* ShellScript */ = {
			isa = PBXShellScriptBuildPhase;
			buildActionMask = 2147483647;
			files = (
			);
			inputFileListPaths = (
			);
			inputPaths = (
			);
			outputFileListPaths = (
			);
			outputPaths = (
			);
			runOnlyForDeploymentPostprocessing = 0;
			shellPath = /bin/sh;
			shellScript = "if which \"${PODS_ROOT}/SwiftLint/swiftlint\" >/dev/null; then\n    ${PODS_ROOT}/SwiftLint/swiftlint --fix && ${PODS_ROOT}/SwiftLint/swiftlint\nelse\n    echo \"warning: SwiftLint not installed, download from https://github.com/realm/SwiftLint\"\nfi\n\n\n";
		};
		AC870F80E506FAF3328B22FF /* [CP] Check Pods Manifest.lock */ = {
			isa = PBXShellScriptBuildPhase;
			buildActionMask = 2147483647;
			files = (
			);
			inputFileListPaths = (
			);
			inputPaths = (
				"${PODS_PODFILE_DIR_PATH}/Podfile.lock",
				"${PODS_ROOT}/Manifest.lock",
			);
			name = "[CP] Check Pods Manifest.lock";
			outputFileListPaths = (
			);
			outputPaths = (
				"$(DERIVED_FILE_DIR)/Pods-CleanChat-checkManifestLockResult.txt",
			);
			runOnlyForDeploymentPostprocessing = 0;
			shellPath = /bin/sh;
			shellScript = "diff \"${PODS_PODFILE_DIR_PATH}/Podfile.lock\" \"${PODS_ROOT}/Manifest.lock\" > /dev/null\nif [ $? != 0 ] ; then\n    # print error to STDERR\n    echo \"error: The sandbox is not in sync with the Podfile.lock. Run 'pod install' or update your CocoaPods installation.\" >&2\n    exit 1\nfi\n# This output is used by Xcode 'outputs' to avoid re-running this script phase.\necho \"SUCCESS\" > \"${SCRIPT_OUTPUT_FILE_0}\"\n";
			showEnvVarsInLog = 0;
		};
		B9FADA73708B4937F5DCED2D /* [CP] Embed Pods Frameworks */ = {
			isa = PBXShellScriptBuildPhase;
			buildActionMask = 2147483647;
			files = (
			);
			inputFileListPaths = (
				"${PODS_ROOT}/Target Support Files/Pods-CleanChat-CleanChatUITests/Pods-CleanChat-CleanChatUITests-frameworks-${CONFIGURATION}-input-files.xcfilelist",
			);
			name = "[CP] Embed Pods Frameworks";
			outputFileListPaths = (
				"${PODS_ROOT}/Target Support Files/Pods-CleanChat-CleanChatUITests/Pods-CleanChat-CleanChatUITests-frameworks-${CONFIGURATION}-output-files.xcfilelist",
			);
			runOnlyForDeploymentPostprocessing = 0;
			shellPath = /bin/sh;
			shellScript = "\"${PODS_ROOT}/Target Support Files/Pods-CleanChat-CleanChatUITests/Pods-CleanChat-CleanChatUITests-frameworks.sh\"\n";
			showEnvVarsInLog = 0;
		};
		D2741E2726B490A471682485 /* [CP] Embed Pods Frameworks */ = {
			isa = PBXShellScriptBuildPhase;
			buildActionMask = 2147483647;
			files = (
			);
			inputFileListPaths = (
				"${PODS_ROOT}/Target Support Files/Pods-CleanChat/Pods-CleanChat-frameworks-${CONFIGURATION}-input-files.xcfilelist",
			);
			name = "[CP] Embed Pods Frameworks";
			outputFileListPaths = (
				"${PODS_ROOT}/Target Support Files/Pods-CleanChat/Pods-CleanChat-frameworks-${CONFIGURATION}-output-files.xcfilelist",
			);
			runOnlyForDeploymentPostprocessing = 0;
			shellPath = /bin/sh;
			shellScript = "\"${PODS_ROOT}/Target Support Files/Pods-CleanChat/Pods-CleanChat-frameworks.sh\"\n";
			showEnvVarsInLog = 0;
		};
		F85FD74D2DF0AF69C5981A42 /* [CP] Check Pods Manifest.lock */ = {
			isa = PBXShellScriptBuildPhase;
			buildActionMask = 2147483647;
			files = (
			);
			inputFileListPaths = (
			);
			inputPaths = (
				"${PODS_PODFILE_DIR_PATH}/Podfile.lock",
				"${PODS_ROOT}/Manifest.lock",
			);
			name = "[CP] Check Pods Manifest.lock";
			outputFileListPaths = (
			);
			outputPaths = (
				"$(DERIVED_FILE_DIR)/Pods-CleanChatTests-checkManifestLockResult.txt",
			);
			runOnlyForDeploymentPostprocessing = 0;
			shellPath = /bin/sh;
			shellScript = "diff \"${PODS_PODFILE_DIR_PATH}/Podfile.lock\" \"${PODS_ROOT}/Manifest.lock\" > /dev/null\nif [ $? != 0 ] ; then\n    # print error to STDERR\n    echo \"error: The sandbox is not in sync with the Podfile.lock. Run 'pod install' or update your CocoaPods installation.\" >&2\n    exit 1\nfi\n# This output is used by Xcode 'outputs' to avoid re-running this script phase.\necho \"SUCCESS\" > \"${SCRIPT_OUTPUT_FILE_0}\"\n";
			showEnvVarsInLog = 0;
		};
/* End PBXShellScriptBuildPhase section */

/* Begin PBXSourcesBuildPhase section */
		879FEFF229B2CD2C00AA8BAD /* Sources */ = {
			isa = PBXSourcesBuildPhase;
			buildActionMask = 2147483647;
			files = (
				87A2BEEB29B473C2009620E7 /* ProfileInfoViewController.swift in Sources */,
				87A2BEB929B471D9009620E7 /* LoginPresenter.swift in Sources */,
				87A2BED129B47345009620E7 /* ChatsDahsboardPresenter.swift in Sources */,
				87A2BEA829B44FB9009620E7 /* InitialViewProtocols.swift in Sources */,
				87A2BEF829B473D6009620E7 /* HomeProtocols.swift in Sources */,
				87A2BEC629B4729F009620E7 /* SignUpRouter.swift in Sources */,
				87A2BEF729B473D6009620E7 /* HomeViewController.swift in Sources */,
				87A2BEDD29B47368009620E7 /* ChatDetailPresenter.swift in Sources */,
				87A2BEDE29B47368009620E7 /* ChatDetailRouter.swift in Sources */,
				879FEFFA29B2CD2C00AA8BAD /* AppDelegate.swift in Sources */,
				87A2BEEA29B473C2009620E7 /* ProfileInfoRouter.swift in Sources */,
				87A2BEA729B44FB9009620E7 /* InitialViewViewController.swift in Sources */,
				87A2BEA629B44FB9009620E7 /* InitialViewRouter.swift in Sources */,
				87A2BED529B47345009620E7 /* ChatsDahsboardInteractor.swift in Sources */,
				87A2BEC529B4729F009620E7 /* SignUpPresenter.swift in Sources */,
				87A2BEBA29B471D9009620E7 /* LoginRouter.swift in Sources */,
				87A2BEED29B473C2009620E7 /* ProfileInfoInteractor.swift in Sources */,
				87A2BEA529B44FB9009620E7 /* InitialViewPresenter.swift in Sources */,
				87A2BEE129B47368009620E7 /* ChatDetailInteractor.swift in Sources */,
				87A2BEE929B473C2009620E7 /* ProfileInfoPresenter.swift in Sources */,
				87A2BEC729B4729F009620E7 /* SignUpViewController.swift in Sources */,
				87A2BED329B47345009620E7 /* ChatsDahsboardViewController.swift in Sources */,
				87A2BEEC29B473C2009620E7 /* ProfileInfoProtocols.swift in Sources */,
				87A2BEF529B473D6009620E7 /* HomePresenter.swift in Sources */,
				87A2BEF929B473D6009620E7 /* HomeInteractor.swift in Sources */,
				87A2BED229B47345009620E7 /* ChatsDahsboardRouter.swift in Sources */,
				87A2BEA929B44FB9009620E7 /* InitialViewInteractor.swift in Sources */,
				87A2BEC829B4729F009620E7 /* SignUpProtocols.swift in Sources */,
				87A2BEF629B473D6009620E7 /* HomeRouter.swift in Sources */,
				87A2BED429B47345009620E7 /* ChatsDahsboardProtocols.swift in Sources */,
				87A2BEBD29B471D9009620E7 /* LoginInteractor.swift in Sources */,
				87A2BEE029B47368009620E7 /* ChatDetailProtocols.swift in Sources */,
				87A2BEBB29B471D9009620E7 /* LoginViewController.swift in Sources */,
				87A2BEDF29B47368009620E7 /* ChatDetailViewController.swift in Sources */,
				879FEFFC29B2CD2C00AA8BAD /* SceneDelegate.swift in Sources */,
				87A2BEBC29B471D9009620E7 /* LoginProtocols.swift in Sources */,
				87A2BEC929B4729F009620E7 /* SignUpInteractor.swift in Sources */,
			);
			runOnlyForDeploymentPostprocessing = 0;
		};
		879FF00829B2CD2D00AA8BAD /* Sources */ = {
			isa = PBXSourcesBuildPhase;
			buildActionMask = 2147483647;
			files = (
				879FF01129B2CD2D00AA8BAD /* CleanChatTests.swift in Sources */,
			);
			runOnlyForDeploymentPostprocessing = 0;
		};
		879FF01229B2CD2D00AA8BAD /* Sources */ = {
			isa = PBXSourcesBuildPhase;
			buildActionMask = 2147483647;
			files = (
				879FF01D29B2CD2D00AA8BAD /* CleanChatUITestsLaunchTests.swift in Sources */,
				879FF01B29B2CD2D00AA8BAD /* CleanChatUITests.swift in Sources */,
			);
			runOnlyForDeploymentPostprocessing = 0;
		};
/* End PBXSourcesBuildPhase section */

/* Begin PBXTargetDependency section */
		879FF00E29B2CD2D00AA8BAD /* PBXTargetDependency */ = {
			isa = PBXTargetDependency;
			target = 879FEFF529B2CD2C00AA8BAD /* CleanChat */;
			targetProxy = 879FF00D29B2CD2D00AA8BAD /* PBXContainerItemProxy */;
		};
		879FF01829B2CD2D00AA8BAD /* PBXTargetDependency */ = {
			isa = PBXTargetDependency;
			target = 879FEFF529B2CD2C00AA8BAD /* CleanChat */;
			targetProxy = 879FF01729B2CD2D00AA8BAD /* PBXContainerItemProxy */;
		};
/* End PBXTargetDependency section */

/* Begin XCBuildConfiguration section */
		879FF01E29B2CD2D00AA8BAD /* Debug */ = {
			isa = XCBuildConfiguration;
			buildSettings = {
				ALWAYS_SEARCH_USER_PATHS = NO;
				CLANG_ANALYZER_NONNULL = YES;
				CLANG_ANALYZER_NUMBER_OBJECT_CONVERSION = YES_AGGRESSIVE;
				CLANG_CXX_LANGUAGE_STANDARD = "gnu++20";
				CLANG_ENABLE_MODULES = YES;
				CLANG_ENABLE_OBJC_ARC = YES;
				CLANG_ENABLE_OBJC_WEAK = YES;
				CLANG_WARN_BLOCK_CAPTURE_AUTORELEASING = YES;
				CLANG_WARN_BOOL_CONVERSION = YES;
				CLANG_WARN_COMMA = YES;
				CLANG_WARN_CONSTANT_CONVERSION = YES;
				CLANG_WARN_DEPRECATED_OBJC_IMPLEMENTATIONS = YES;
				CLANG_WARN_DIRECT_OBJC_ISA_USAGE = YES_ERROR;
				CLANG_WARN_DOCUMENTATION_COMMENTS = YES;
				CLANG_WARN_EMPTY_BODY = YES;
				CLANG_WARN_ENUM_CONVERSION = YES;
				CLANG_WARN_INFINITE_RECURSION = YES;
				CLANG_WARN_INT_CONVERSION = YES;
				CLANG_WARN_NON_LITERAL_NULL_CONVERSION = YES;
				CLANG_WARN_OBJC_IMPLICIT_RETAIN_SELF = YES;
				CLANG_WARN_OBJC_LITERAL_CONVERSION = YES;
				CLANG_WARN_OBJC_ROOT_CLASS = YES_ERROR;
				CLANG_WARN_QUOTED_INCLUDE_IN_FRAMEWORK_HEADER = YES;
				CLANG_WARN_RANGE_LOOP_ANALYSIS = YES;
				CLANG_WARN_STRICT_PROTOTYPES = YES;
				CLANG_WARN_SUSPICIOUS_MOVE = YES;
				CLANG_WARN_UNGUARDED_AVAILABILITY = YES_AGGRESSIVE;
				CLANG_WARN_UNREACHABLE_CODE = YES;
				CLANG_WARN__DUPLICATE_METHOD_MATCH = YES;
				COPY_PHASE_STRIP = NO;
				DEBUG_INFORMATION_FORMAT = dwarf;
				ENABLE_STRICT_OBJC_MSGSEND = YES;
				ENABLE_TESTABILITY = YES;
				GCC_C_LANGUAGE_STANDARD = gnu11;
				GCC_DYNAMIC_NO_PIC = NO;
				GCC_NO_COMMON_BLOCKS = YES;
				GCC_OPTIMIZATION_LEVEL = 0;
				GCC_PREPROCESSOR_DEFINITIONS = (
					"DEBUG=1",
					"$(inherited)",
				);
				GCC_WARN_64_TO_32_BIT_CONVERSION = YES;
				GCC_WARN_ABOUT_RETURN_TYPE = YES_ERROR;
				GCC_WARN_UNDECLARED_SELECTOR = YES;
				GCC_WARN_UNINITIALIZED_AUTOS = YES_AGGRESSIVE;
				GCC_WARN_UNUSED_FUNCTION = YES;
				GCC_WARN_UNUSED_VARIABLE = YES;
				IPHONEOS_DEPLOYMENT_TARGET = 16.2;
				MTL_ENABLE_DEBUG_INFO = INCLUDE_SOURCE;
				MTL_FAST_MATH = YES;
				ONLY_ACTIVE_ARCH = YES;
				SDKROOT = iphoneos;
				SWIFT_ACTIVE_COMPILATION_CONDITIONS = DEBUG;
				SWIFT_OPTIMIZATION_LEVEL = "-Onone";
			};
			name = Debug;
		};
		879FF01F29B2CD2D00AA8BAD /* Release */ = {
			isa = XCBuildConfiguration;
			buildSettings = {
				ALWAYS_SEARCH_USER_PATHS = NO;
				CLANG_ANALYZER_NONNULL = YES;
				CLANG_ANALYZER_NUMBER_OBJECT_CONVERSION = YES_AGGRESSIVE;
				CLANG_CXX_LANGUAGE_STANDARD = "gnu++20";
				CLANG_ENABLE_MODULES = YES;
				CLANG_ENABLE_OBJC_ARC = YES;
				CLANG_ENABLE_OBJC_WEAK = YES;
				CLANG_WARN_BLOCK_CAPTURE_AUTORELEASING = YES;
				CLANG_WARN_BOOL_CONVERSION = YES;
				CLANG_WARN_COMMA = YES;
				CLANG_WARN_CONSTANT_CONVERSION = YES;
				CLANG_WARN_DEPRECATED_OBJC_IMPLEMENTATIONS = YES;
				CLANG_WARN_DIRECT_OBJC_ISA_USAGE = YES_ERROR;
				CLANG_WARN_DOCUMENTATION_COMMENTS = YES;
				CLANG_WARN_EMPTY_BODY = YES;
				CLANG_WARN_ENUM_CONVERSION = YES;
				CLANG_WARN_INFINITE_RECURSION = YES;
				CLANG_WARN_INT_CONVERSION = YES;
				CLANG_WARN_NON_LITERAL_NULL_CONVERSION = YES;
				CLANG_WARN_OBJC_IMPLICIT_RETAIN_SELF = YES;
				CLANG_WARN_OBJC_LITERAL_CONVERSION = YES;
				CLANG_WARN_OBJC_ROOT_CLASS = YES_ERROR;
				CLANG_WARN_QUOTED_INCLUDE_IN_FRAMEWORK_HEADER = YES;
				CLANG_WARN_RANGE_LOOP_ANALYSIS = YES;
				CLANG_WARN_STRICT_PROTOTYPES = YES;
				CLANG_WARN_SUSPICIOUS_MOVE = YES;
				CLANG_WARN_UNGUARDED_AVAILABILITY = YES_AGGRESSIVE;
				CLANG_WARN_UNREACHABLE_CODE = YES;
				CLANG_WARN__DUPLICATE_METHOD_MATCH = YES;
				COPY_PHASE_STRIP = NO;
				DEBUG_INFORMATION_FORMAT = "dwarf-with-dsym";
				ENABLE_NS_ASSERTIONS = NO;
				ENABLE_STRICT_OBJC_MSGSEND = YES;
				GCC_C_LANGUAGE_STANDARD = gnu11;
				GCC_NO_COMMON_BLOCKS = YES;
				GCC_WARN_64_TO_32_BIT_CONVERSION = YES;
				GCC_WARN_ABOUT_RETURN_TYPE = YES_ERROR;
				GCC_WARN_UNDECLARED_SELECTOR = YES;
				GCC_WARN_UNINITIALIZED_AUTOS = YES_AGGRESSIVE;
				GCC_WARN_UNUSED_FUNCTION = YES;
				GCC_WARN_UNUSED_VARIABLE = YES;
				IPHONEOS_DEPLOYMENT_TARGET = 16.2;
				MTL_ENABLE_DEBUG_INFO = NO;
				MTL_FAST_MATH = YES;
				SDKROOT = iphoneos;
				SWIFT_COMPILATION_MODE = wholemodule;
				SWIFT_OPTIMIZATION_LEVEL = "-O";
				VALIDATE_PRODUCT = YES;
			};
			name = Release;
		};
		879FF02129B2CD2D00AA8BAD /* Debug */ = {
			isa = XCBuildConfiguration;
			baseConfigurationReference = 55EA146D3163C59EF0EF5FF0 /* Pods-CleanChat.debug.xcconfig */;
			buildSettings = {
				ASSETCATALOG_COMPILER_APPICON_NAME = AppIcon;
				ASSETCATALOG_COMPILER_GLOBAL_ACCENT_COLOR_NAME = AccentColor;
				CODE_SIGN_STYLE = Automatic;
				CURRENT_PROJECT_VERSION = 1;
				GENERATE_INFOPLIST_FILE = YES;
				INFOPLIST_FILE = CleanChat/Info.plist;
				INFOPLIST_KEY_UIApplicationSupportsIndirectInputEvents = YES;
				INFOPLIST_KEY_UILaunchStoryboardName = LaunchScreen;
				INFOPLIST_KEY_UISupportedInterfaceOrientations_iPad = "UIInterfaceOrientationPortrait UIInterfaceOrientationPortraitUpsideDown UIInterfaceOrientationLandscapeLeft UIInterfaceOrientationLandscapeRight";
				INFOPLIST_KEY_UISupportedInterfaceOrientations_iPhone = "UIInterfaceOrientationPortrait UIInterfaceOrientationLandscapeLeft UIInterfaceOrientationLandscapeRight";
				LD_RUNPATH_SEARCH_PATHS = (
					"$(inherited)",
					"@executable_path/Frameworks",
				);
				MARKETING_VERSION = 1.0;
				PRODUCT_BUNDLE_IDENTIFIER = my.org.CleanChat;
				PRODUCT_NAME = "$(TARGET_NAME)";
				SWIFT_EMIT_LOC_STRINGS = YES;
				SWIFT_VERSION = 5.0;
				TARGETED_DEVICE_FAMILY = "1,2";
			};
			name = Debug;
		};
		879FF02229B2CD2D00AA8BAD /* Release */ = {
			isa = XCBuildConfiguration;
			baseConfigurationReference = AA8686C5E4497D6D2CC7F9A2 /* Pods-CleanChat.release.xcconfig */;
			buildSettings = {
				ASSETCATALOG_COMPILER_APPICON_NAME = AppIcon;
				ASSETCATALOG_COMPILER_GLOBAL_ACCENT_COLOR_NAME = AccentColor;
				CODE_SIGN_STYLE = Automatic;
				CURRENT_PROJECT_VERSION = 1;
				GENERATE_INFOPLIST_FILE = YES;
				INFOPLIST_FILE = CleanChat/Info.plist;
				INFOPLIST_KEY_UIApplicationSupportsIndirectInputEvents = YES;
				INFOPLIST_KEY_UILaunchStoryboardName = LaunchScreen;
				INFOPLIST_KEY_UISupportedInterfaceOrientations_iPad = "UIInterfaceOrientationPortrait UIInterfaceOrientationPortraitUpsideDown UIInterfaceOrientationLandscapeLeft UIInterfaceOrientationLandscapeRight";
				INFOPLIST_KEY_UISupportedInterfaceOrientations_iPhone = "UIInterfaceOrientationPortrait UIInterfaceOrientationLandscapeLeft UIInterfaceOrientationLandscapeRight";
				LD_RUNPATH_SEARCH_PATHS = (
					"$(inherited)",
					"@executable_path/Frameworks",
				);
				MARKETING_VERSION = 1.0;
				PRODUCT_BUNDLE_IDENTIFIER = my.org.CleanChat;
				PRODUCT_NAME = "$(TARGET_NAME)";
				SWIFT_EMIT_LOC_STRINGS = YES;
				SWIFT_VERSION = 5.0;
				TARGETED_DEVICE_FAMILY = "1,2";
			};
			name = Release;
		};
		879FF02429B2CD2D00AA8BAD /* Debug */ = {
			isa = XCBuildConfiguration;
			baseConfigurationReference = 48610D3DC4C3119975BD7BDB /* Pods-CleanChatTests.debug.xcconfig */;
			buildSettings = {
				ALWAYS_EMBED_SWIFT_STANDARD_LIBRARIES = YES;
				BUNDLE_LOADER = "$(TEST_HOST)";
				CODE_SIGN_STYLE = Automatic;
				CURRENT_PROJECT_VERSION = 1;
				GENERATE_INFOPLIST_FILE = YES;
				IPHONEOS_DEPLOYMENT_TARGET = 16.2;
				MARKETING_VERSION = 1.0;
				PRODUCT_BUNDLE_IDENTIFIER = my.org.CleanChatTests;
				PRODUCT_NAME = "$(TARGET_NAME)";
				SWIFT_EMIT_LOC_STRINGS = NO;
				SWIFT_VERSION = 5.0;
				TARGETED_DEVICE_FAMILY = "1,2";
				TEST_HOST = "$(BUILT_PRODUCTS_DIR)/CleanChat.app/$(BUNDLE_EXECUTABLE_FOLDER_PATH)/CleanChat";
			};
			name = Debug;
		};
		879FF02529B2CD2D00AA8BAD /* Release */ = {
			isa = XCBuildConfiguration;
			baseConfigurationReference = 4F35135A91707E576BAFFC81 /* Pods-CleanChatTests.release.xcconfig */;
			buildSettings = {
				ALWAYS_EMBED_SWIFT_STANDARD_LIBRARIES = YES;
				BUNDLE_LOADER = "$(TEST_HOST)";
				CODE_SIGN_STYLE = Automatic;
				CURRENT_PROJECT_VERSION = 1;
				GENERATE_INFOPLIST_FILE = YES;
				IPHONEOS_DEPLOYMENT_TARGET = 16.2;
				MARKETING_VERSION = 1.0;
				PRODUCT_BUNDLE_IDENTIFIER = my.org.CleanChatTests;
				PRODUCT_NAME = "$(TARGET_NAME)";
				SWIFT_EMIT_LOC_STRINGS = NO;
				SWIFT_VERSION = 5.0;
				TARGETED_DEVICE_FAMILY = "1,2";
				TEST_HOST = "$(BUILT_PRODUCTS_DIR)/CleanChat.app/$(BUNDLE_EXECUTABLE_FOLDER_PATH)/CleanChat";
			};
			name = Release;
		};
		879FF02729B2CD2D00AA8BAD /* Debug */ = {
			isa = XCBuildConfiguration;
			baseConfigurationReference = 6C771080F45F717DAD08037C /* Pods-CleanChat-CleanChatUITests.debug.xcconfig */;
			buildSettings = {
				ALWAYS_EMBED_SWIFT_STANDARD_LIBRARIES = YES;
				CODE_SIGN_STYLE = Automatic;
				CURRENT_PROJECT_VERSION = 1;
				GENERATE_INFOPLIST_FILE = YES;
				MARKETING_VERSION = 1.0;
				PRODUCT_BUNDLE_IDENTIFIER = my.org.CleanChatUITests;
				PRODUCT_NAME = "$(TARGET_NAME)";
				SWIFT_EMIT_LOC_STRINGS = NO;
				SWIFT_VERSION = 5.0;
				TARGETED_DEVICE_FAMILY = "1,2";
				TEST_TARGET_NAME = CleanChat;
			};
			name = Debug;
		};
		879FF02829B2CD2D00AA8BAD /* Release */ = {
			isa = XCBuildConfiguration;
			baseConfigurationReference = C5C4928C5EC3C509389998C5 /* Pods-CleanChat-CleanChatUITests.release.xcconfig */;
			buildSettings = {
				ALWAYS_EMBED_SWIFT_STANDARD_LIBRARIES = YES;
				CODE_SIGN_STYLE = Automatic;
				CURRENT_PROJECT_VERSION = 1;
				GENERATE_INFOPLIST_FILE = YES;
				MARKETING_VERSION = 1.0;
				PRODUCT_BUNDLE_IDENTIFIER = my.org.CleanChatUITests;
				PRODUCT_NAME = "$(TARGET_NAME)";
				SWIFT_EMIT_LOC_STRINGS = NO;
				SWIFT_VERSION = 5.0;
				TARGETED_DEVICE_FAMILY = "1,2";
				TEST_TARGET_NAME = CleanChat;
			};
			name = Release;
		};
/* End XCBuildConfiguration section */

/* Begin XCConfigurationList section */
		879FEFF129B2CD2C00AA8BAD /* Build configuration list for PBXProject "CleanChat" */ = {
			isa = XCConfigurationList;
			buildConfigurations = (
				879FF01E29B2CD2D00AA8BAD /* Debug */,
				879FF01F29B2CD2D00AA8BAD /* Release */,
			);
			defaultConfigurationIsVisible = 0;
			defaultConfigurationName = Release;
		};
		879FF02029B2CD2D00AA8BAD /* Build configuration list for PBXNativeTarget "CleanChat" */ = {
			isa = XCConfigurationList;
			buildConfigurations = (
				879FF02129B2CD2D00AA8BAD /* Debug */,
				879FF02229B2CD2D00AA8BAD /* Release */,
			);
			defaultConfigurationIsVisible = 0;
			defaultConfigurationName = Release;
		};
		879FF02329B2CD2D00AA8BAD /* Build configuration list for PBXNativeTarget "CleanChatTests" */ = {
			isa = XCConfigurationList;
			buildConfigurations = (
				879FF02429B2CD2D00AA8BAD /* Debug */,
				879FF02529B2CD2D00AA8BAD /* Release */,
			);
			defaultConfigurationIsVisible = 0;
			defaultConfigurationName = Release;
		};
		879FF02629B2CD2D00AA8BAD /* Build configuration list for PBXNativeTarget "CleanChatUITests" */ = {
			isa = XCConfigurationList;
			buildConfigurations = (
				879FF02729B2CD2D00AA8BAD /* Debug */,
				879FF02829B2CD2D00AA8BAD /* Release */,
			);
			defaultConfigurationIsVisible = 0;
			defaultConfigurationName = Release;
		};
/* End XCConfigurationList section */
	};
	rootObject = 879FEFEE29B2CD2C00AA8BAD /* Project object */;
}
